
Microsoft Visual Studio Solution File, Format Version 12.00
# Visual Studio Version 16
VisualStudioVersion = 16.0.29319.158
MinimumVisualStudioVersion = 10.0.40219.1
Project("{9A19103F-16F7-4668-BE54-9A1E7A4F7556}") = "CargaProdutos", "CargaProdutos.csproj", "{34BA790B-14FC-4234-840C-4EC02C43D207}"
EndProject
Global
	GlobalSection(SolutionConfigurationPlatforms) = preSolution
		Debug|Any CPU = Debug|Any CPU
		Release|Any CPU = Release|Any CPU
	EndGlobalSection
	GlobalSection(ProjectConfigurationPlatforms) = postSolution
		{34BA790B-14FC-4234-840C-4EC02C43D207}.Debug|Any CPU.ActiveCfg = Debug|Any CPU
		{34BA790B-14FC-4234-840C-4EC02C43D207}.Debug|Any CPU.Build.0 = Debug|Any CPU
		{34BA790B-14FC-4234-840C-4EC02C43D207}.Release|Any CPU.ActiveCfg = Release|Any CPU
		{34BA790B-14FC-4234-840C-4EC02C43D207}.Release|Any CPU.Build.0 = Release|Any CPU
	EndGlobalSection
	GlobalSection(SolutionProperties) = preSolution
		HideSolutionNode = FALSE
	EndGlobalSection
	GlobalSection(ExtensibilityGlobals) = postSolution
		SolutionGuid = {EF3469CA-0173-49E2-A7FF-E796919663CD}
	EndGlobalSection
EndGlobal
