
Microsoft Visual Studio Solution File, Format Version 12.00
# Visual Studio Version 16
VisualStudioVersion = 16.0.29319.158
MinimumVisualStudioVersion = 10.0.40219.1
Project("{9A19103F-16F7-4668-BE54-9A1E7A4F7556}") = "CargaProdutos", "CargaProdutos.csproj", "{9056AF80-8B28-4035-A1C6-81046DF04432}"
EndProject
Global
	GlobalSection(SolutionConfigurationPlatforms) = preSolution
		Debug|Any CPU = Debug|Any CPU
		Release|Any CPU = Release|Any CPU
	EndGlobalSection
	GlobalSection(ProjectConfigurationPlatforms) = postSolution
		{9056AF80-8B28-4035-A1C6-81046DF04432}.Debug|Any CPU.ActiveCfg = Debug|Any CPU
		{9056AF80-8B28-4035-A1C6-81046DF04432}.Debug|Any CPU.Build.0 = Debug|Any CPU
		{9056AF80-8B28-4035-A1C6-81046DF04432}.Release|Any CPU.ActiveCfg = Release|Any CPU
		{9056AF80-8B28-4035-A1C6-81046DF04432}.Release|Any CPU.Build.0 = Release|Any CPU
	EndGlobalSection
	GlobalSection(SolutionProperties) = preSolution
		HideSolutionNode = FALSE
	EndGlobalSection
	GlobalSection(ExtensibilityGlobals) = postSolution
		SolutionGuid = {CD2C2450-E71F-4E19-8BC5-690B755F06F0}
	EndGlobalSection
EndGlobal
